Microsoft Visual Studio Solution File, Format Version 12.00
# Visual Studio 2012
Project("{FAE04EC0-301F-11D3-BF4B-00C04F79EFBC}") = "Axy The Barbarian", "Axy The Barbarian.csproj", "{CBFF8245-066D-424D-84F1-89C57A881E8C}"
EndProject
Global
	GlobalSection(SolutionConfigurationPlatforms) = preSolution
	Debug|Any CPU = Debug|Any CPU
	ExportDebug|Any CPU = ExportDebug|Any CPU
	ExportRelease|Any CPU = ExportRelease|Any CPU
	EndGlobalSection
	GlobalSection(ProjectConfigurationPlatforms) = postSolution
		{CBFF8245-066D-424D-84F1-89C57A881E8C}.Debug|Any CPU.ActiveCfg = Debug|Any CPU
		{CBFF8245-066D-424D-84F1-89C57A881E8C}.Debug|Any CPU.Build.0 = Debug|Any CPU
		{CBFF8245-066D-424D-84F1-89C57A881E8C}.ExportDebug|Any CPU.ActiveCfg = ExportDebug|Any CPU
		{CBFF8245-066D-424D-84F1-89C57A881E8C}.ExportDebug|Any CPU.Build.0 = ExportDebug|Any CPU
		{CBFF8245-066D-424D-84F1-89C57A881E8C}.ExportRelease|Any CPU.ActiveCfg = ExportRelease|Any CPU
		{CBFF8245-066D-424D-84F1-89C57A881E8C}.ExportRelease|Any CPU.Build.0 = ExportRelease|Any CPU
	EndGlobalSection
EndGlobal
